
Microsoft Visual Studio Solution File, Format Version 12.00
# Visual Studio 14
VisualStudioVersion = 14.0.25420.1
MinimumVisualStudioVersion = 10.0.40219.1
Project("{2150E333-8FDC-42A3-9474-1A3956D46DE8}") = "src", "src", "{6959698B-788F-40A9-993D-0946A082100F}"
EndProject
Project("{2150E333-8FDC-42A3-9474-1A3956D46DE8}") = "Solution Items", "Solution Items", "{8797C0BC-31EF-409C-9223-5949C4C4AAC0}"
	ProjectSection(SolutionItems) = preProject
		global.json = global.json
	EndProjectSection
EndProject
Project("{8BB2217D-0F2D-49D1-97BC-3654ED321F3B}") = "OnePiece.Web.DataAccess", "src\OnePiece.Web.DataAccess\OnePiece.Web.DataAccess.xproj", "{9EA166E6-D15B-453F-A68E-8119BC472933}"
EndProject
Project("{8BB2217D-0F2D-49D1-97BC-3654ED321F3B}") = "OnePiece.Web", "src\OnePiece.Web\OnePiece.Web.xproj", "{BE002E9F-8B5A-46BE-9EBF-1B63182E740A}"
EndProject
Global
	GlobalSection(SolutionConfigurationPlatforms) = preSolution
		Debug|Any CPU = Debug|Any CPU
		Release|Any CPU = Release|Any CPU
	EndGlobalSection
	GlobalSection(ProjectConfigurationPlatforms) = postSolution
		{9EA166E6-D15B-453F-A68E-8119BC472933}.Debug|Any CPU.ActiveCfg = Debug|Any CPU
		{9EA166E6-D15B-453F-A68E-8119BC472933}.Debug|Any CPU.Build.0 = Debug|Any CPU
		{9EA166E6-D15B-453F-A68E-8119BC472933}.Release|Any CPU.ActiveCfg = Release|Any CPU
		{9EA166E6-D15B-453F-A68E-8119BC472933}.Release|Any CPU.Build.0 = Release|Any CPU
		{BE002E9F-8B5A-46BE-9EBF-1B63182E740A}.Debug|Any CPU.ActiveCfg = Debug|Any CPU
		{BE002E9F-8B5A-46BE-9EBF-1B63182E740A}.Debug|Any CPU.Build.0 = Debug|Any CPU
		{BE002E9F-8B5A-46BE-9EBF-1B63182E740A}.Release|Any CPU.ActiveCfg = Release|Any CPU
		{BE002E9F-8B5A-46BE-9EBF-1B63182E740A}.Release|Any CPU.Build.0 = Release|Any CPU
	EndGlobalSection
	GlobalSection(SolutionProperties) = preSolution
		HideSolutionNode = FALSE
	EndGlobalSection
	GlobalSection(NestedProjects) = preSolution
		{9EA166E6-D15B-453F-A68E-8119BC472933} = {6959698B-788F-40A9-993D-0946A082100F}
		{BE002E9F-8B5A-46BE-9EBF-1B63182E740A} = {6959698B-788F-40A9-993D-0946A082100F}
	EndGlobalSection
EndGlobal
